
Microsoft Visual Studio Solution File, Format Version 12.00
# Visual Studio Version 17
VisualStudioVersion = 17.9.34622.214
MinimumVisualStudioVersion = 10.0.40219.1
Project("{FAE04EC0-301F-11D3-BF4B-00C04F79EFBC}") = "TeamChallengeProject_Shop", "TeamChallengeProject_Shop\TeamChallengeProject_Shop.csproj", "{4059D424-BE65-406D-8A91-57F44FD6CBBE}"
EndProject
Global
	GlobalSection(SolutionConfigurationPlatforms) = preSolution
		Debug|Any CPU = Debug|Any CPU
		Release|Any CPU = Release|Any CPU
	EndGlobalSection
	GlobalSection(ProjectConfigurationPlatforms) = postSolution
		{4059D424-BE65-406D-8A91-57F44FD6CBBE}.Debug|Any CPU.ActiveCfg = Debug|Any CPU
		{4059D424-BE65-406D-8A91-57F44FD6CBBE}.Debug|Any CPU.Build.0 = Debug|Any CPU
		{4059D424-BE65-406D-8A91-57F44FD6CBBE}.Release|Any CPU.ActiveCfg = Release|Any CPU
		{4059D424-BE65-406D-8A91-57F44FD6CBBE}.Release|Any CPU.Build.0 = Release|Any CPU
	EndGlobalSection
	GlobalSection(SolutionProperties) = preSolution
		HideSolutionNode = FALSE
	EndGlobalSection
	GlobalSection(ExtensibilityGlobals) = postSolution
		SolutionGuid = {AE741E44-E32E-4263-980D-5A841643F582}
	EndGlobalSection
EndGlobal
